<?xml version="1.0" encoding="utf-8"?>
<Project ToolsVersion="4.0" xmlns="http://schemas.microsoft.com/developer/msbuild/2003">
  <ItemGroup>
    <Filter Include="Source Files">
      <UniqueIdentifier>{4FC737F1-C7A5-4376-A066-2A32D752A2FF}</UniqueIdentifier>
      <Extensions>cpp;c;cc;cxx;c++;cppm;ixx;def;odl;idl;hpj;bat;asm;asmx</Extensions>
    </Filter>
    <Filter Include="Header Files">
      <UniqueIdentifier>{93995380-89BD-4b04-88EB-625FBE52EBFB}</UniqueIdentifier>
      <Extensions>h;hh;hpp;hxx;h++;hm;inl;inc;ipp;xsd</Extensions>
    </Filter>
    <Filter Include="Resource Files">
      <UniqueIdentifier>{67DA6AB6-F800-4c08-8B7A-83BB121AAD01}</UniqueIdentifier>
      <Extensions>rc;ico;cur;bmp;dlg;rc2;rct;bin;rgs;gif;jpg;jpeg;jpe;resx;tiff;tif;png;wav;mfcribbon-ms</Extensions>
    </Filter>
    <Filter Include="Source Files\arch">
      <UniqueIdentifier>{367c61dc-7f7d-4de8-8fb2-8e1ab960c04b}</UniqueIdentifier>
    </Filter>
    <Filter Include="Source Files\arch\avx2">
      <UniqueIdentifier>{30cd0f55-e4d6-4e38-9b77-70bf0c7c45b5}</UniqueIdentifier>
    </Filter>
    <Filter Include="Source Files\arch\avx512">
      <UniqueIdentifier>{eb92ef48-417c-43df-a947-acbd889612a3}</UniqueIdentifier>
    </Filter>
  </ItemGroup>
  <ItemGroup>
    <ClCompile Include="..\..\lib\codec_choose.c">
      <Filter>Source Files</Filter>
    </ClCompile>
    <ClCompile Include="..\..\lib\lib.c">
      <Filter>Source Files</Filter>
    </ClCompile>
    <ClCompile Include="..\..\lib\arch\avx2\codec_avx2.c">
      <Filter>Source Files\arch\avx2</Filter>
    </ClCompile>
    <ClCompile Include="..\..\lib\arch\avx512\codec_avx512.c">
      <Filter>Source Files\arch\avx512</Filter>
    </ClCompile>
  </ItemGroup>
</Project>